
Microsoft Visual Studio Solution File, Format Version 12.00
# Visual Studio 14
VisualStudioVersion = 14.0.25420.1
MinimumVisualStudioVersion = 10.0.40219.1
Project("{FAE04EC0-301F-11D3-BF4B-00C04F79EFBC}") = "stoktakipotomasyon", "stoktakipotomasyon\stoktakipotomasyon.csproj", "{DF58588F-8A2B-4C1D-8453-3BF15B1BB202}"
EndProject
Global
	GlobalSection(SolutionConfigurationPlatforms) = preSolution
		Debug|Any CPU = Debug|Any CPU
		Release|Any CPU = Release|Any CPU
	EndGlobalSection
	GlobalSection(ProjectConfigurationPlatforms) = postSolution
		{DF58588F-8A2B-4C1D-8453-3BF15B1BB202}.Debug|Any CPU.ActiveCfg = Debug|Any CPU
		{DF58588F-8A2B-4C1D-8453-3BF15B1BB202}.Debug|Any CPU.Build.0 = Debug|Any CPU
		{DF58588F-8A2B-4C1D-8453-3BF15B1BB202}.Release|Any CPU.ActiveCfg = Release|Any CPU
		{DF58588F-8A2B-4C1D-8453-3BF15B1BB202}.Release|Any CPU.Build.0 = Release|Any CPU
	EndGlobalSection
	GlobalSection(SolutionProperties) = preSolution
		HideSolutionNode = FALSE
	EndGlobalSection
EndGlobal
